// !$*UTF8*$!
{
	archiveVersion = 1;
	classes = {
	};
	objectVersion = 46;
	objects = {

/* Begin PBXBuildFile section */
		0BFEA44C3DCCD0FACE2C1320 /* Pods_RxTest.framework in Frameworks */ = {isa = PBXBuildFile; fileRef = B413D034DD8BC6A02BEFC887 /* Pods_RxTest.framework */; };
		87B2BA6C554D37731AE0D43C /* Pods_RxTest.framework in Frameworks */ = {isa = PBXBuildFile; fileRef = B413D034DD8BC6A02BEFC887 /* Pods_RxTest.framework */; };
		E13ABC581E65264600D67CCA /* AppDelegate.swift in Sources */ = {isa = PBXBuildFile; fileRef = E13ABC571E65264600D67CCA /* AppDelegate.swift */; };
		E13ABC5D1E65264600D67CCA /* Main.storyboard in Resources */ = {isa = PBXBuildFile; fileRef = E13ABC5B1E65264600D67CCA /* Main.storyboard */; };
		E13ABC5F1E65264600D67CCA /* Assets.xcassets in Resources */ = {isa = PBXBuildFile; fileRef = E13ABC5E1E65264600D67CCA /* Assets.xcassets */; };
		E13ABC621E65264600D67CCA /* LaunchScreen.storyboard in Resources */ = {isa = PBXBuildFile; fileRef = E13ABC601E65264600D67CCA /* LaunchScreen.storyboard */; };
		E13ABC751E65427B00D67CCA /* UserProfileViewController.swift in Sources */ = {isa = PBXBuildFile; fileRef = E13ABC741E65427B00D67CCA /* UserProfileViewController.swift */; };
		E1728EDF1E65883900804A01 /* Cell.swift in Sources */ = {isa = PBXBuildFile; fileRef = E1728EDE1E65883900804A01 /* Cell.swift */; };
		E1728EE41E658FBB00804A01 /* UserProfileViewController.swift in Sources */ = {isa = PBXBuildFile; fileRef = E13ABC741E65427B00D67CCA /* UserProfileViewController.swift */; };
		E1728EE71E658FBB00804A01 /* AppDelegate.swift in Sources */ = {isa = PBXBuildFile; fileRef = E13ABC571E65264600D67CCA /* AppDelegate.swift */; };
		E1728EE81E658FBB00804A01 /* Cell.swift in Sources */ = {isa = PBXBuildFile; fileRef = E1728EDE1E65883900804A01 /* Cell.swift */; };
		E1728EEC1E658FBB00804A01 /* LaunchScreen.storyboard in Resources */ = {isa = PBXBuildFile; fileRef = E13ABC601E65264600D67CCA /* LaunchScreen.storyboard */; };
		E1728EED1E658FBB00804A01 /* Assets.xcassets in Resources */ = {isa = PBXBuildFile; fileRef = E13ABC5E1E65264600D67CCA /* Assets.xcassets */; };
		E1728EEE1E658FBB00804A01 /* Main.storyboard in Resources */ = {isa = PBXBuildFile; fileRef = E13ABC5B1E65264600D67CCA /* Main.storyboard */; };
/* End PBXBuildFile section */

/* Begin PBXFileReference section */
		880BB5021ABC21AA18B7A109 /* Pods-RxTest.debug.xcconfig */ = {isa = PBXFileReference; includeInIndex = 1; lastKnownFileType = text.xcconfig; name = "Pods-RxTest.debug.xcconfig"; path = "Pods/Target Support Files/Pods-RxTest/Pods-RxTest.debug.xcconfig"; sourceTree = "<group>"; };
		B413D034DD8BC6A02BEFC887 /* Pods_RxTest.framework */ = {isa = PBXFileReference; explicitFileType = wrapper.framework; includeInIndex = 0; path = Pods_RxTest.framework; sourceTree = BUILT_PRODUCTS_DIR; };
		C5989E12E016DC21EAC6D989 /* Pods-RxTest.release.xcconfig */ = {isa = PBXFileReference; includeInIndex = 1; lastKnownFileType = text.xcconfig; name = "Pods-RxTest.release.xcconfig"; path = "Pods/Target Support Files/Pods-RxTest/Pods-RxTest.release.xcconfig"; sourceTree = "<group>"; };
		E13ABC541E65264600D67CCA /* RxTest.app */ = {isa = PBXFileReference; explicitFileType = wrapper.application; includeInIndex = 0; path = RxTest.app; sourceTree = BUILT_PRODUCTS_DIR; };
		E13ABC571E65264600D67CCA /* AppDelegate.swift */ = {isa = PBXFileReference; lastKnownFileType = sourcecode.swift; path = AppDelegate.swift; sourceTree = "<group>"; };
		E13ABC5C1E65264600D67CCA /* Base */ = {isa = PBXFileReference; lastKnownFileType = file.storyboard; name = Base; path = Base.lproj/Main.storyboard; sourceTree = "<group>"; };
		E13ABC5E1E65264600D67CCA /* Assets.xcassets */ = {isa = PBXFileReference; lastKnownFileType = folder.assetcatalog; path = Assets.xcassets; sourceTree = "<group>"; };
		E13ABC611E65264600D67CCA /* Base */ = {isa = PBXFileReference; lastKnownFileType = file.storyboard; name = Base; path = Base.lproj/LaunchScreen.storyboard; sourceTree = "<group>"; };
		E13ABC631E65264600D67CCA /* Info.plist */ = {isa = PBXFileReference; lastKnownFileType = text.plist.xml; path = Info.plist; sourceTree = "<group>"; };
		E13ABC741E65427B00D67CCA /* UserProfileViewController.swift */ = {isa = PBXFileReference; fileEncoding = 4; lastKnownFileType = sourcecode.swift; path = UserProfileViewController.swift; sourceTree = "<group>"; };
		E1728EDE1E65883900804A01 /* Cell.swift */ = {isa = PBXFileReference; fileEncoding = 4; lastKnownFileType = sourcecode.swift; path = Cell.swift; sourceTree = "<group>"; };
		E1728EF41E658FBB00804A01 /* RxTest copy.app */ = {isa = PBXFileReference; explicitFileType = wrapper.application; includeInIndex = 0; path = "RxTest copy.app"; sourceTree = BUILT_PRODUCTS_DIR; };
		E1728EF51E658FBB00804A01 /* RxTest copy-Info.plist */ = {isa = PBXFileReference; lastKnownFileType = text.plist.xml; name = "RxTest copy-Info.plist"; path = "/Users/xiaoP/Swift3Demo/RxTest/RxTest copy-Info.plist"; sourceTree = "<absolute>"; };
/* End PBXFileReference section */

/* Begin PBXFrameworksBuildPhase section */
		E13ABC511E65264600D67CCA /* Frameworks */ = {
			isa = PBXFrameworksBuildPhase;
			buildActionMask = 2147483647;
			files = (
				87B2BA6C554D37731AE0D43C /* Pods_RxTest.framework in Frameworks */,
				0BFEA44C3DCCD0FACE2C1320 /* Pods_RxTest.framework in Frameworks */,
			);
			runOnlyForDeploymentPostprocessing = 0;
		};
		E1728EE91E658FBB00804A01 /* Frameworks */ = {
			isa = PBXFrameworksBuildPhase;
			buildActionMask = 2147483647;
			files = (
			);
			runOnlyForDeploymentPostprocessing = 0;
		};
/* End PBXFrameworksBuildPhase section */

/* Begin PBXGroup section */
		07138FDC09162C68AAF40B6D /* Frameworks */ = {
			isa = PBXGroup;
			children = (
				B413D034DD8BC6A02BEFC887 /* Pods_RxTest.framework */,
			);
			name = Frameworks;
			sourceTree = "<group>";
		};
		A53AA2512CEAE6911927A20C /* Pods */ = {
			isa = PBXGroup;
			children = (
				880BB5021ABC21AA18B7A109 /* Pods-RxTest.debug.xcconfig */,
				C5989E12E016DC21EAC6D989 /* Pods-RxTest.release.xcconfig */,
			);
			name = Pods;
			sourceTree = "<group>";
		};
		E13ABC4B1E65264600D67CCA = {
			isa = PBXGroup;
			children = (
				E13ABC561E65264600D67CCA /* RxTest */,
				E13ABC551E65264600D67CCA /* Products */,
				A53AA2512CEAE6911927A20C /* Pods */,
				07138FDC09162C68AAF40B6D /* Frameworks */,
				E1728EF51E658FBB00804A01 /* RxTest copy-Info.plist */,
			);
			sourceTree = "<group>";
		};
		E13ABC551E65264600D67CCA /* Products */ = {
			isa = PBXGroup;
			children = (
				E13ABC541E65264600D67CCA /* RxTest.app */,
				E1728EF41E658FBB00804A01 /* RxTest copy.app */,
			);
			name = Products;
			sourceTree = "<group>";
		};
		E13ABC561E65264600D67CCA /* RxTest */ = {
			isa = PBXGroup;
			children = (
				E13ABC721E65423700D67CCA /* UserPofile */,
				E13ABC731E65424C00D67CCA /* Support */,
			);
			path = RxTest;
			sourceTree = "<group>";
		};
		E13ABC721E65423700D67CCA /* UserPofile */ = {
			isa = PBXGroup;
			children = (
				E13ABC741E65427B00D67CCA /* UserProfileViewController.swift */,
				E1728EDE1E65883900804A01 /* Cell.swift */,
			);
			name = UserPofile;
			sourceTree = "<group>";
		};
		E13ABC731E65424C00D67CCA /* Support */ = {
			isa = PBXGroup;
			children = (
				E13ABC571E65264600D67CCA /* AppDelegate.swift */,
				E13ABC5B1E65264600D67CCA /* Main.storyboard */,
				E13ABC5E1E65264600D67CCA /* Assets.xcassets */,
				E13ABC601E65264600D67CCA /* LaunchScreen.storyboard */,
				E13ABC631E65264600D67CCA /* Info.plist */,
			);
			name = Support;
			sourceTree = "<group>";
		};
/* End PBXGroup section */

/* Begin PBXNativeTarget section */
		E13ABC531E65264600D67CCA /* RxTest */ = {
			isa = PBXNativeTarget;
			buildConfigurationList = E13ABC661E65264600D67CCA /* Build configuration list for PBXNativeTarget "RxTest" */;
			buildPhases = (
				91615F710297B9D808CAAC03 /* [CP] Check Pods Manifest.lock */,
				E13ABC501E65264600D67CCA /* Sources */,
				E13ABC511E65264600D67CCA /* Frameworks */,
				E13ABC521E65264600D67CCA /* Resources */,
				85A848CD54355EBC963B407F /* [CP] Embed Pods Frameworks */,
				2452ADBFB3F666E15322CC04 /* [CP] Copy Pods Resources */,
			);
			buildRules = (
			);
			dependencies = (
			);
			name = RxTest;
			productName = RxTest;
			productReference = E13ABC541E65264600D67CCA /* RxTest.app */;
			productType = "com.apple.product-type.application";
		};
		E1728EE01E658FBB00804A01 /* RxTest copy */ = {
			isa = PBXNativeTarget;
			buildConfigurationList = E1728EF11E658FBB00804A01 /* Build configuration list for PBXNativeTarget "RxTest copy" */;
			buildPhases = (
				E1728EE21E658FBB00804A01 /* Sources */,
				E1728EE91E658FBB00804A01 /* Frameworks */,
				E1728EEB1E658FBB00804A01 /* Resources */,
			);
			buildRules = (
			);
			dependencies = (
			);
			name = "RxTest copy";
			productName = RxTest;
			productReference = E1728EF41E658FBB00804A01 /* RxTest copy.app */;
			productType = "com.apple.product-type.application";
		};
/* End PBXNativeTarget section */

/* Begin PBXProject section */
		E13ABC4C1E65264600D67CCA /* Project object */ = {
			isa = PBXProject;
			attributes = {
				LastSwiftUpdateCheck = 0820;
				LastUpgradeCheck = 0820;
				ORGANIZATIONNAME = Chicv;
				TargetAttributes = {
					E13ABC531E65264600D67CCA = {
						CreatedOnToolsVersion = 8.2.1;
						DevelopmentTeam = 67GS2ZN438;
						ProvisioningStyle = Automatic;
					};
					E1728EE01E658FBB00804A01 = {
						DevelopmentTeam = 67GS2ZN438;
					};
				};
			};
			buildConfigurationList = E13ABC4F1E65264600D67CCA /* Build configuration list for PBXProject "RxTest" */;
			compatibilityVersion = "Xcode 3.2";
			developmentRegion = English;
			hasScannedForEncodings = 0;
			knownRegions = (
				en,
				Base,
			);
			mainGroup = E13ABC4B1E65264600D67CCA;
			productRefGroup = E13ABC551E65264600D67CCA /* Products */;
			projectDirPath = "";
			projectRoot = "";
			targets = (
				E13ABC531E65264600D67CCA /* RxTest */,
				E1728EE01E658FBB00804A01 /* RxTest copy */,
			);
		};
/* End PBXProject section */

/* Begin PBXResourcesBuildPhase section */
		E13ABC521E65264600D67CCA /* Resources */ = {
			isa = PBXResourcesBuildPhase;
			buildActionMask = 2147483647;
			files = (
				E13ABC621E65264600D67CCA /* LaunchScreen.storyboard in Resources */,
				E13ABC5F1E65264600D67CCA /* Assets.xcassets in Resources */,
				E13ABC5D1E65264600D67CCA /* Main.storyboard in Resources */,
			);
			runOnlyForDeploymentPostprocessing = 0;
		};
		E1728EEB1E658FBB00804A01 /* Resources */ = {
			isa = PBXResourcesBuildPhase;
			buildActionMask = 2147483647;
			files = (
				E1728EEC1E658FBB00804A01 /* LaunchScreen.storyboard in Resources */,
				E1728EED1E658FBB00804A01 /* Assets.xcassets in Resources */,
				E1728EEE1E658FBB00804A01 /* Main.storyboard in Resources */,
			);
			runOnlyForDeploymentPostprocessing = 0;
		};
/* End PBXResourcesBuildPhase section */

/* Begin PBXShellScriptBuildPhase section */
		2452ADBFB3F666E15322CC04 /* [CP] Copy Pods Resources */ = {
			isa = PBXShellScriptBuildPhase;
			buildActionMask = 2147483647;
			files = (
			);
			inputPaths = (
			);
			name = "[CP] Copy Pods Resources";
			outputPaths = (
			);
			runOnlyForDeploymentPostprocessing = 0;
			shellPath = /bin/sh;
			shellScript = "\"${SRCROOT}/Pods/Target Support Files/Pods-RxTest/Pods-RxTest-resources.sh\"\n";
			showEnvVarsInLog = 0;
		};
		85A848CD54355EBC963B407F /* [CP] Embed Pods Frameworks */ = {
			isa = PBXShellScriptBuildPhase;
			buildActionMask = 2147483647;
			files = (
			);
			inputPaths = (
			);
			name = "[CP] Embed Pods Frameworks";
			outputPaths = (
			);
			runOnlyForDeploymentPostprocessing = 0;
			shellPath = /bin/sh;
			shellScript = "\"${SRCROOT}/Pods/Target Support Files/Pods-RxTest/Pods-RxTest-frameworks.sh\"\n";
			showEnvVarsInLog = 0;
		};
		91615F710297B9D808CAAC03 /* [CP] Check Pods Manifest.lock */ = {
			isa = PBXShellScriptBuildPhase;
			buildActionMask = 2147483647;
			files = (
			);
			inputPaths = (
			);
			name = "[CP] Check Pods Manifest.lock";
			outputPaths = (
			);
			runOnlyForDeploymentPostprocessing = 0;
			shellPath = /bin/sh;
			shellScript = "diff \"${PODS_ROOT}/../Podfile.lock\" \"${PODS_ROOT}/Manifest.lock\" > /dev/null\nif [ $? != 0 ] ; then\n    # print error to STDERR\n    echo \"error: The sandbox is not in sync with the Podfile.lock. Run 'pod install' or update your CocoaPods installation.\" >&2\n    exit 1\nfi\n";
			showEnvVarsInLog = 0;
		};
/* End PBXShellScriptBuildPhase section */

/* Begin PBXSourcesBuildPhase section */
		E13ABC501E65264600D67CCA /* Sources */ = {
			isa = PBXSourcesBuildPhase;
			buildActionMask = 2147483647;
			files = (
				E13ABC751E65427B00D67CCA /* UserProfileViewController.swift in Sources */,
				E13ABC581E65264600D67CCA /* AppDelegate.swift in Sources */,
				E1728EDF1E65883900804A01 /* Cell.swift in Sources */,
			);
			runOnlyForDeploymentPostprocessing = 0;
		};
		E1728EE21E658FBB00804A01 /* Sources */ = {
			isa = PBXSourcesBuildPhase;
			buildActionMask = 2147483647;
			files = (
				E1728EE41E658FBB00804A01 /* UserProfileViewController.swift in Sources */,
				E1728EE71E658FBB00804A01 /* AppDelegate.swift in Sources */,
				E1728EE81E658FBB00804A01 /* Cell.swift in Sources */,
			);
			runOnlyForDeploymentPostprocessing = 0;
		};
/* End PBXSourcesBuildPhase section */

/* Begin PBXVariantGroup section */
		E13ABC5B1E65264600D67CCA /* Main.storyboard */ = {
			isa = PBXVariantGroup;
			children = (
				E13ABC5C1E65264600D67CCA /* Base */,
			);
			name = Main.storyboard;
			sourceTree = "<group>";
		};
		E13ABC601E65264600D67CCA /* LaunchScreen.storyboard */ = {
			isa = PBXVariantGroup;
			children = (
				E13ABC611E65264600D67CCA /* Base */,
			);
			name = LaunchScreen.storyboard;
			sourceTree = "<group>";
		};
/* End PBXVariantGroup section */

/* Begin XCBuildConfiguration section */
		E13ABC641E65264600D67CCA /* Debug */ = {
			isa = XCBuildConfiguration;
			buildSettings = {
				ALWAYS_SEARCH_USER_PATHS = NO;
				CLANG_ANALYZER_NONNULL = YES;
				CLANG_CXX_LANGUAGE_STANDARD = "gnu++0x";
				CLANG_CXX_LIBRARY = "libc++";
				CLANG_ENABLE_MODULES = YES;
				CLANG_ENABLE_OBJC_ARC = YES;
				CLANG_WARN_BOOL_CONVERSION = YES;
				CLANG_WARN_CONSTANT_CONVERSION = YES;
				CLANG_WARN_DIRECT_OBJC_ISA_USAGE = YES_ERROR;
				CLANG_WARN_DOCUMENTATION_COMMENTS = YES;
				CLANG_WARN_EMPTY_BODY = YES;
				CLANG_WARN_ENUM_CONVERSION = YES;
				CLANG_WARN_INFINITE_RECURSION = YES;
				CLANG_WARN_INT_CONVERSION = YES;
				CLANG_WARN_OBJC_ROOT_CLASS = YES_ERROR;
				CLANG_WARN_SUSPICIOUS_MOVE = YES;
				CLANG_WARN_UNREACHABLE_CODE = YES;
				CLANG_WARN__DUPLICATE_METHOD_MATCH = YES;
				"CODE_SIGN_IDENTITY[sdk=iphoneos*]" = "iPhone Developer";
				COPY_PHASE_STRIP = NO;
				DEBUG_INFORMATION_FORMAT = dwarf;
				ENABLE_STRICT_OBJC_MSGSEND = YES;
				ENABLE_TESTABILITY = YES;
				GCC_C_LANGUAGE_STANDARD = gnu99;
				GCC_DYNAMIC_NO_PIC = NO;
				GCC_NO_COMMON_BLOCKS = YES;
				GCC_OPTIMIZATION_LEVEL = 0;
				GCC_PREPROCESSOR_DEFINITIONS = (
					"DEBUG=1",
					"$(inherited)",
				);
				GCC_WARN_64_TO_32_BIT_CONVERSION = YES;
				GCC_WARN_ABOUT_RETURN_TYPE = YES_ERROR;
				GCC_WARN_UNDECLARED_SELECTOR = YES;
				GCC_WARN_UNINITIALIZED_AUTOS = YES_AGGRESSIVE;
				GCC_WARN_UNUSED_FUNCTION = YES;
				GCC_WARN_UNUSED_VARIABLE = YES;
				IPHONEOS_DEPLOYMENT_TARGET = 10.2;
				MTL_ENABLE_DEBUG_INFO = YES;
				ONLY_ACTIVE_ARCH = YES;
				SDKROOT = iphoneos;
				SWIFT_ACTIVE_COMPILATION_CONDITIONS = DEBUG;
				SWIFT_OPTIMIZATION_LEVEL = "-Onone";
			};
			name = Debug;
		};
		E13ABC651E65264600D67CCA /* Release */ = {
			isa = XCBuildConfiguration;
			buildSettings = {
				ALWAYS_SEARCH_USER_PATHS = NO;
				CLANG_ANALYZER_NONNULL = YES;
				CLANG_CXX_LANGUAGE_STANDARD = "gnu++0x";
				CLANG_CXX_LIBRARY = "libc++";
				CLANG_ENABLE_MODULES = YES;
				CLANG_ENABLE_OBJC_ARC = YES;
				CLANG_WARN_BOOL_CONVERSION = YES;
				CLANG_WARN_CONSTANT_CONVERSION = YES;
				CLANG_WARN_DIRECT_OBJC_ISA_USAGE = YES_ERROR;
				CLANG_WARN_DOCUMENTATION_COMMENTS = YES;
				CLANG_WARN_EMPTY_BODY = YES;
				CLANG_WARN_ENUM_CONVERSION = YES;
				CLANG_WARN_INFINITE_RECURSION = YES;
				CLANG_WARN_INT_CONVERSION = YES;
				CLANG_WARN_OBJC_ROOT_CLASS = YES_ERROR;
				CLANG_WARN_SUSPICIOUS_MOVE = YES;
				CLANG_WARN_UNREACHABLE_CODE = YES;
				CLANG_WARN__DUPLICATE_METHOD_MATCH = YES;
				"CODE_SIGN_IDENTITY[sdk=iphoneos*]" = "iPhone Developer";
				COPY_PHASE_STRIP = NO;
				DEBUG_INFORMATION_FORMAT = "dwarf-with-dsym";
				ENABLE_NS_ASSERTIONS = NO;
				ENABLE_STRICT_OBJC_MSGSEND = YES;
				GCC_C_LANGUAGE_STANDARD = gnu99;
				GCC_NO_COMMON_BLOCKS = YES;
				GCC_WARN_64_TO_32_BIT_CONVERSION = YES;
				GCC_WARN_ABOUT_RETURN_TYPE = YES_ERROR;
				GCC_WARN_UNDECLARED_SELECTOR = YES;
				GCC_WARN_UNINITIALIZED_AUTOS = YES_AGGRESSIVE;
				GCC_WARN_UNUSED_FUNCTION = YES;
				GCC_WARN_UNUSED_VARIABLE = YES;
				IPHONEOS_DEPLOYMENT_TARGET = 10.2;
				MTL_ENABLE_DEBUG_INFO = NO;
				SDKROOT = iphoneos;
				SWIFT_OPTIMIZATION_LEVEL = "-Owholemodule";
				VALIDATE_PRODUCT = YES;
			};
			name = Release;
		};
		E13ABC671E65264600D67CCA /* Debug */ = {
			isa = XCBuildConfiguration;
			baseConfigurationReference = 880BB5021ABC21AA18B7A109 /* Pods-RxTest.debug.xcconfig */;
			buildSettings = {
				ASSETCATALOG_COMPILER_APPICON_NAME = AppIcon;
				DEVELOPMENT_TEAM = 67GS2ZN438;
				INFOPLIST_FILE = RxTest/Info.plist;
				LD_RUNPATH_SEARCH_PATHS = "$(inherited) @executable_path/Frameworks";
				PRODUCT_BUNDLE_IDENTIFIER = com.chicv.RxTest;
				PRODUCT_NAME = "$(TARGET_NAME)";
				SWIFT_VERSION = 3.0;
			};
			name = Debug;
		};
		E13ABC681E65264600D67CCA /* Release */ = {
			isa = XCBuildConfiguration;
			baseConfigurationReference = C5989E12E016DC21EAC6D989 /* Pods-RxTest.release.xcconfig */;
			buildSettings = {
				ASSETCATALOG_COMPILER_APPICON_NAME = AppIcon;
				DEVELOPMENT_TEAM = 67GS2ZN438;
				INFOPLIST_FILE = RxTest/Info.plist;
				LD_RUNPATH_SEARCH_PATHS = "$(inherited) @executable_path/Frameworks";
				PRODUCT_BUNDLE_IDENTIFIER = com.chicv.RxTest;
				PRODUCT_NAME = "$(TARGET_NAME)";
				SWIFT_VERSION = 3.0;
			};
			name = Release;
		};
		E1728EF21E658FBB00804A01 /* Debug */ = {
			isa = XCBuildConfiguration;
			buildSettings = {
				ASSETCATALOG_COMPILER_APPICON_NAME = AppIcon;
				DEVELOPMENT_TEAM = 67GS2ZN438;
				INFOPLIST_FILE = "RxTest copy-Info.plist";
				LD_RUNPATH_SEARCH_PATHS = "$(inherited) @executable_path/Frameworks";
				PRODUCT_BUNDLE_IDENTIFIER = com.chicv.RxTest;
				PRODUCT_NAME = "$(TARGET_NAME)";
				SWIFT_VERSION = 3.0;
			};
			name = Debug;
		};
		E1728EF31E658FBB00804A01 /* Release */ = {
			isa = XCBuildConfiguration;
			buildSettings = {
				ASSETCATALOG_COMPILER_APPICON_NAME = AppIcon;
				DEVELOPMENT_TEAM = 67GS2ZN438;
				INFOPLIST_FILE = "RxTest copy-Info.plist";
				LD_RUNPATH_SEARCH_PATHS = "$(inherited) @executable_path/Frameworks";
				PRODUCT_BUNDLE_IDENTIFIER = com.chicv.RxTest;
				PRODUCT_NAME = "$(TARGET_NAME)";
				SWIFT_VERSION = 3.0;
			};
			name = Release;
		};
/* End XCBuildConfiguration section */

/* Begin XCConfigurationList section */
		E13ABC4F1E65264600D67CCA /* Build configuration list for PBXProject "RxTest" */ = {
			isa = XCConfigurationList;
			buildConfigurations = (
				E13ABC641E65264600D67CCA /* Debug */,
				E13ABC651E65264600D67CCA /* Release */,
			);
			defaultConfigurationIsVisible = 0;
			defaultConfigurationName = Release;
		};
		E13ABC661E65264600D67CCA /* Build configuration list for PBXNativeTarget "RxTest" */ = {
			isa = XCConfigurationList;
			buildConfigurations = (
				E13ABC671E65264600D67CCA /* Debug */,
				E13ABC681E65264600D67CCA /* Release */,
			);
			defaultConfigurationIsVisible = 0;
			defaultConfigurationName = Release;
		};
		E1728EF11E658FBB00804A01 /* Build configuration list for PBXNativeTarget "RxTest copy" */ = {
			isa = XCConfigurationList;
			buildConfigurations = (
				E1728EF21E658FBB00804A01 /* Debug */,
				E1728EF31E658FBB00804A01 /* Release */,
			);
			defaultConfigurationIsVisible = 0;
			defaultConfigurationName = Release;
		};
/* End XCConfigurationList section */
	};
	rootObject = E13ABC4C1E65264600D67CCA /* Project object */;
}
